// !$*UTF8*$!
{
	archiveVersion = 1;
	classes = {
	};
	objectVersion = 56;
	objects = {

/* Begin PBXBuildFile section */
		7371B9AD2CCBE1BA00853BDB /* UIView+print.swift in Sources */ = {isa = PBXBuildFile; fileRef = 7371B9AC2CCBE1BA00853BDB /* UIView+print.swift */; };
		7371B9B12CD40B9A00853BDB /* UIView+Constraints.swift in Sources */ = {isa = PBXBuildFile; fileRef = 7371B9B02CD40B9A00853BDB /* UIView+Constraints.swift */; };
		7371B9B52CD91B0F00853BDB /* FindImageViewController.swift in Sources */ = {isa = PBXBuildFile; fileRef = 7371B9B42CD91B0F00853BDB /* FindImageViewController.swift */; };
		739E01C22CB55127008C8BB6 /* AppDelegate.swift in Sources */ = {isa = PBXBuildFile; fileRef = 739E01C12CB55127008C8BB6 /* AppDelegate.swift */; };
		739E01C42CB55127008C8BB6 /* SceneDelegate.swift in Sources */ = {isa = PBXBuildFile; fileRef = 739E01C32CB55127008C8BB6 /* SceneDelegate.swift */; };
		739E01C62CB55127008C8BB6 /* ViewController.swift in Sources */ = {isa = PBXBuildFile; fileRef = 739E01C52CB55127008C8BB6 /* ViewController.swift */; };
		739E01CB2CB55129008C8BB6 /* Assets.xcassets in Resources */ = {isa = PBXBuildFile; fileRef = 739E01CA2CB55129008C8BB6 /* Assets.xcassets */; };
		739E01CE2CB55129008C8BB6 /* Base in Resources */ = {isa = PBXBuildFile; fileRef = 739E01CD2CB55129008C8BB6 /* Base */; };
		739E01D62CB58933008C8BB6 /* DogModel.swift in Sources */ = {isa = PBXBuildFile; fileRef = 739E01D52CB58933008C8BB6 /* DogModel.swift */; };
		739E01D82CB58957008C8BB6 /* DogManager.swift in Sources */ = {isa = PBXBuildFile; fileRef = 739E01D72CB58957008C8BB6 /* DogManager.swift */; };
		739E01DA2CB589A9008C8BB6 /* DogDataManager.swift in Sources */ = {isa = PBXBuildFile; fileRef = 739E01D92CB589A9008C8BB6 /* DogDataManager.swift */; };
		739E01DC2CB6C45F008C8BB6 /* CustomButton.swift in Sources */ = {isa = PBXBuildFile; fileRef = 739E01DB2CB6C45F008C8BB6 /* CustomButton.swift */; };
		739E01E32CB95524008C8BB6 /* ShadowView.swift in Sources */ = {isa = PBXBuildFile; fileRef = 739E01E22CB95524008C8BB6 /* ShadowView.swift */; };
		739E01E52CB95F62008C8BB6 /* Constants.swift in Sources */ = {isa = PBXBuildFile; fileRef = 739E01E42CB95F62008C8BB6 /* Constants.swift */; };
/* End PBXBuildFile section */

/* Begin PBXFileReference section */
		7371B9AC2CCBE1BA00853BDB /* UIView+print.swift */ = {isa = PBXFileReference; lastKnownFileType = sourcecode.swift; path = "UIView+print.swift"; sourceTree = "<group>"; };
		7371B9B02CD40B9A00853BDB /* UIView+Constraints.swift */ = {isa = PBXFileReference; lastKnownFileType = sourcecode.swift; path = "UIView+Constraints.swift"; sourceTree = "<group>"; };
		7371B9B42CD91B0F00853BDB /* FindImageViewController.swift */ = {isa = PBXFileReference; lastKnownFileType = sourcecode.swift; path = FindImageViewController.swift; sourceTree = "<group>"; };
		739E01BE2CB55127008C8BB6 /* CurlyPaws.app */ = {isa = PBXFileReference; explicitFileType = wrapper.application; includeInIndex = 0; path = CurlyPaws.app; sourceTree = BUILT_PRODUCTS_DIR; };
		739E01C12CB55127008C8BB6 /* AppDelegate.swift */ = {isa = PBXFileReference; lastKnownFileType = sourcecode.swift; path = AppDelegate.swift; sourceTree = "<group>"; };
		739E01C32CB55127008C8BB6 /* SceneDelegate.swift */ = {isa = PBXFileReference; lastKnownFileType = sourcecode.swift; path = SceneDelegate.swift; sourceTree = "<group>"; };
		739E01C52CB55127008C8BB6 /* ViewController.swift */ = {isa = PBXFileReference; lastKnownFileType = sourcecode.swift; path = ViewController.swift; sourceTree = "<group>"; };
		739E01CA2CB55129008C8BB6 /* Assets.xcassets */ = {isa = PBXFileReference; lastKnownFileType = folder.assetcatalog; path = Assets.xcassets; sourceTree = "<group>"; };
		739E01CD2CB55129008C8BB6 /* Base */ = {isa = PBXFileReference; lastKnownFileType = file.storyboard; name = Base; path = Base.lproj/LaunchScreen.storyboard; sourceTree = "<group>"; };
		739E01CF2CB55129008C8BB6 /* Info.plist */ = {isa = PBXFileReference; lastKnownFileType = text.plist.xml; path = Info.plist; sourceTree = "<group>"; };
		739E01D52CB58933008C8BB6 /* DogModel.swift */ = {isa = PBXFileReference; lastKnownFileType = sourcecode.swift; path = DogModel.swift; sourceTree = "<group>"; };
		739E01D72CB58957008C8BB6 /* DogManager.swift */ = {isa = PBXFileReference; lastKnownFileType = sourcecode.swift; path = DogManager.swift; sourceTree = "<group>"; };
		739E01D92CB589A9008C8BB6 /* DogDataManager.swift */ = {isa = PBXFileReference; lastKnownFileType = sourcecode.swift; path = DogDataManager.swift; sourceTree = "<group>"; };
		739E01DB2CB6C45F008C8BB6 /* CustomButton.swift */ = {isa = PBXFileReference; lastKnownFileType = sourcecode.swift; path = CustomButton.swift; sourceTree = "<group>"; };
		739E01E22CB95524008C8BB6 /* ShadowView.swift */ = {isa = PBXFileReference; lastKnownFileType = sourcecode.swift; path = ShadowView.swift; sourceTree = "<group>"; };
		739E01E42CB95F62008C8BB6 /* Constants.swift */ = {isa = PBXFileReference; lastKnownFileType = sourcecode.swift; path = Constants.swift; sourceTree = "<group>"; };
/* End PBXFileReference section */

/* Begin PBXFrameworksBuildPhase section */
		739E01BB2CB55127008C8BB6 /* Frameworks */ = {
			isa = PBXFrameworksBuildPhase;
			buildActionMask = 2147483647;
			files = (
			);
			runOnlyForDeploymentPostprocessing = 0;
		};
/* End PBXFrameworksBuildPhase section */

/* Begin PBXGroup section */
		7371B9AB2CCBE17300853BDB /* Extensions */ = {
			isa = PBXGroup;
			children = (
				7371B9AC2CCBE1BA00853BDB /* UIView+print.swift */,
				7371B9B02CD40B9A00853BDB /* UIView+Constraints.swift */,
			);
			path = Extensions;
			sourceTree = "<group>";
		};
		739E01B52CB55127008C8BB6 = {
			isa = PBXGroup;
			children = (
				739E01C02CB55127008C8BB6 /* CurlyPaws */,
				739E01BF2CB55127008C8BB6 /* Products */,
			);
			sourceTree = "<group>";
		};
		739E01BF2CB55127008C8BB6 /* Products */ = {
			isa = PBXGroup;
			children = (
				739E01BE2CB55127008C8BB6 /* CurlyPaws.app */,
			);
			name = Products;
			sourceTree = "<group>";
		};
		739E01C02CB55127008C8BB6 /* CurlyPaws */ = {
			isa = PBXGroup;
			children = (
				739E01C12CB55127008C8BB6 /* AppDelegate.swift */,
				739E01C32CB55127008C8BB6 /* SceneDelegate.swift */,
				739E01DD2CB9489A008C8BB6 /* Controllers */,
				739E01DE2CB948C3008C8BB6 /* Models */,
				739E01E12CB94948008C8BB6 /* Managers */,
				739E01DF2CB948EF008C8BB6 /* CustomElements */,
				7371B9AB2CCBE17300853BDB /* Extensions */,
				739E01E02CB9491B008C8BB6 /* Resources */,
				739E01CF2CB55129008C8BB6 /* Info.plist */,
			);
			path = CurlyPaws;
			sourceTree = "<group>";
		};
		739E01DD2CB9489A008C8BB6 /* Controllers */ = {
			isa = PBXGroup;
			children = (
				739E01C52CB55127008C8BB6 /* ViewController.swift */,
				7371B9B42CD91B0F00853BDB /* FindImageViewController.swift */,
			);
			path = Controllers;
			sourceTree = "<group>";
		};
		739E01DE2CB948C3008C8BB6 /* Models */ = {
			isa = PBXGroup;
			children = (
				739E01D52CB58933008C8BB6 /* DogModel.swift */,
			);
			path = Models;
			sourceTree = "<group>";
		};
		739E01DF2CB948EF008C8BB6 /* CustomElements */ = {
			isa = PBXGroup;
			children = (
				739E01E22CB95524008C8BB6 /* ShadowView.swift */,
				739E01DB2CB6C45F008C8BB6 /* CustomButton.swift */,
				739E01E42CB95F62008C8BB6 /* Constants.swift */,
			);
			path = CustomElements;
			sourceTree = "<group>";
		};
		739E01E02CB9491B008C8BB6 /* Resources */ = {
			isa = PBXGroup;
			children = (
				739E01CA2CB55129008C8BB6 /* Assets.xcassets */,
				739E01CC2CB55129008C8BB6 /* LaunchScreen.storyboard */,
			);
			path = Resources;
			sourceTree = "<group>";
		};
		739E01E12CB94948008C8BB6 /* Managers */ = {
			isa = PBXGroup;
			children = (
				739E01D72CB58957008C8BB6 /* DogManager.swift */,
				739E01D92CB589A9008C8BB6 /* DogDataManager.swift */,
			);
			path = Managers;
			sourceTree = "<group>";
		};
/* End PBXGroup section */

/* Begin PBXNativeTarget section */
		739E01BD2CB55127008C8BB6 /* CurlyPaws */ = {
			isa = PBXNativeTarget;
			buildConfigurationList = 739E01D22CB55129008C8BB6 /* Build configuration list for PBXNativeTarget "CurlyPaws" */;
			buildPhases = (
				739E01BA2CB55127008C8BB6 /* Sources */,
				739E01BB2CB55127008C8BB6 /* Frameworks */,
				739E01BC2CB55127008C8BB6 /* Resources */,
			);
			buildRules = (
			);
			dependencies = (
			);
			name = CurlyPaws;
			productName = CurlyPaws;
			productReference = 739E01BE2CB55127008C8BB6 /* CurlyPaws.app */;
			productType = "com.apple.product-type.application";
		};
/* End PBXNativeTarget section */

/* Begin PBXProject section */
		739E01B62CB55127008C8BB6 /* Project object */ = {
			isa = PBXProject;
			attributes = {
				BuildIndependentTargetsInParallel = 1;
				LastSwiftUpdateCheck = 1540;
				LastUpgradeCheck = 1540;
				TargetAttributes = {
					739E01BD2CB55127008C8BB6 = {
						CreatedOnToolsVersion = 15.4;
					};
				};
			};
			buildConfigurationList = 739E01B92CB55127008C8BB6 /* Build configuration list for PBXProject "CurlyPaws" */;
			compatibilityVersion = "Xcode 14.0";
			developmentRegion = en;
			hasScannedForEncodings = 0;
			knownRegions = (
				en,
				Base,
			);
			mainGroup = 739E01B52CB55127008C8BB6;
			productRefGroup = 739E01BF2CB55127008C8BB6 /* Products */;
			projectDirPath = "";
			projectRoot = "";
			targets = (
				739E01BD2CB55127008C8BB6 /* CurlyPaws */,
			);
		};
/* End PBXProject section */

/* Begin PBXResourcesBuildPhase section */
		739E01BC2CB55127008C8BB6 /* Resources */ = {
			isa = PBXResourcesBuildPhase;
			buildActionMask = 2147483647;
			files = (
				739E01CB2CB55129008C8BB6 /* Assets.xcassets in Resources */,
				739E01CE2CB55129008C8BB6 /* Base in Resources */,
			);
			runOnlyForDeploymentPostprocessing = 0;
		};
/* End PBXResourcesBuildPhase section */

/* Begin PBXSourcesBuildPhase section */
		739E01BA2CB55127008C8BB6 /* Sources */ = {
			isa = PBXSourcesBuildPhase;
			buildActionMask = 2147483647;
			files = (
				739E01DA2CB589A9008C8BB6 /* DogDataManager.swift in Sources */,
				739E01D62CB58933008C8BB6 /* DogModel.swift in Sources */,
				739E01C62CB55127008C8BB6 /* ViewController.swift in Sources */,
				739E01D82CB58957008C8BB6 /* DogManager.swift in Sources */,
				7371B9AD2CCBE1BA00853BDB /* UIView+print.swift in Sources */,
				739E01E32CB95524008C8BB6 /* ShadowView.swift in Sources */,
				739E01DC2CB6C45F008C8BB6 /* CustomButton.swift in Sources */,
				7371B9B52CD91B0F00853BDB /* FindImageViewController.swift in Sources */,
				739E01C22CB55127008C8BB6 /* AppDelegate.swift in Sources */,
				739E01C42CB55127008C8BB6 /* SceneDelegate.swift in Sources */,
				7371B9B12CD40B9A00853BDB /* UIView+Constraints.swift in Sources */,
				739E01E52CB95F62008C8BB6 /* Constants.swift in Sources */,
			);
			runOnlyForDeploymentPostprocessing = 0;
		};
/* End PBXSourcesBuildPhase section */

/* Begin PBXVariantGroup section */
		739E01CC2CB55129008C8BB6 /* LaunchScreen.storyboard */ = {
			isa = PBXVariantGroup;
			children = (
				739E01CD2CB55129008C8BB6 /* Base */,
			);
			name = LaunchScreen.storyboard;
			sourceTree = "<group>";
		};
/* End PBXVariantGroup section */

/* Begin XCBuildConfiguration section */
		739E01D02CB55129008C8BB6 /* Debug */ = {
			isa = XCBuildConfiguration;
			buildSettings = {
				ALWAYS_SEARCH_USER_PATHS = NO;
				ASSETCATALOG_COMPILER_GENERATE_SWIFT_ASSET_SYMBOL_EXTENSIONS = YES;
				CLANG_ANALYZER_NONNULL = YES;
				CLANG_ANALYZER_NUMBER_OBJECT_CONVERSION = YES_AGGRESSIVE;
				CLANG_CXX_LANGUAGE_STANDARD = "gnu++20";
				CLANG_ENABLE_MODULES = YES;
				CLANG_ENABLE_OBJC_ARC = YES;
				CLANG_ENABLE_OBJC_WEAK = YES;
				CLANG_WARN_BLOCK_CAPTURE_AUTORELEASING = YES;
				CLANG_WARN_BOOL_CONVERSION = YES;
				CLANG_WARN_COMMA = YES;
				CLANG_WARN_CONSTANT_CONVERSION = YES;
				CLANG_WARN_DEPRECATED_OBJC_IMPLEMENTATIONS = YES;
				CLANG_WARN_DIRECT_OBJC_ISA_USAGE = YES_ERROR;
				CLANG_WARN_DOCUMENTATION_COMMENTS = YES;
				CLANG_WARN_EMPTY_BODY = YES;
				CLANG_WARN_ENUM_CONVERSION = YES;
				CLANG_WARN_INFINITE_RECURSION = YES;
				CLANG_WARN_INT_CONVERSION = YES;
				CLANG_WARN_NON_LITERAL_NULL_CONVERSION = YES;
				CLANG_WARN_OBJC_IMPLICIT_RETAIN_SELF = YES;
				CLANG_WARN_OBJC_LITERAL_CONVERSION = YES;
				CLANG_WARN_OBJC_ROOT_CLASS = YES_ERROR;
				CLANG_WARN_QUOTED_INCLUDE_IN_FRAMEWORK_HEADER = YES;
				CLANG_WARN_RANGE_LOOP_ANALYSIS = YES;
				CLANG_WARN_STRICT_PROTOTYPES = YES;
				CLANG_WARN_SUSPICIOUS_MOVE = YES;
				CLANG_WARN_UNGUARDED_AVAILABILITY = YES_AGGRESSIVE;
				CLANG_WARN_UNREACHABLE_CODE = YES;
				CLANG_WARN__DUPLICATE_METHOD_MATCH = YES;
				COPY_PHASE_STRIP = NO;
				DEBUG_INFORMATION_FORMAT = dwarf;
				ENABLE_STRICT_OBJC_MSGSEND = YES;
				ENABLE_TESTABILITY = YES;
				ENABLE_USER_SCRIPT_SANDBOXING = YES;
				GCC_C_LANGUAGE_STANDARD = gnu17;
				GCC_DYNAMIC_NO_PIC = NO;
				GCC_NO_COMMON_BLOCKS = YES;
				GCC_OPTIMIZATION_LEVEL = 0;
				GCC_PREPROCESSOR_DEFINITIONS = (
					"DEBUG=1",
					"$(inherited)",
				);
				GCC_WARN_64_TO_32_BIT_CONVERSION = YES;
				GCC_WARN_ABOUT_RETURN_TYPE = YES_ERROR;
				GCC_WARN_UNDECLARED_SELECTOR = YES;
				GCC_WARN_UNINITIALIZED_AUTOS = YES_AGGRESSIVE;
				GCC_WARN_UNUSED_FUNCTION = YES;
				GCC_WARN_UNUSED_VARIABLE = YES;
				IPHONEOS_DEPLOYMENT_TARGET = 17.5;
				LOCALIZATION_PREFERS_STRING_CATALOGS = YES;
				MTL_ENABLE_DEBUG_INFO = INCLUDE_SOURCE;
				MTL_FAST_MATH = YES;
				ONLY_ACTIVE_ARCH = YES;
				SDKROOT = iphoneos;
				SWIFT_ACTIVE_COMPILATION_CONDITIONS = "DEBUG $(inherited)";
				SWIFT_OPTIMIZATION_LEVEL = "-Onone";
			};
			name = Debug;
		};
		739E01D12CB55129008C8BB6 /* Release */ = {
			isa = XCBuildConfiguration;
			buildSettings = {
				ALWAYS_SEARCH_USER_PATHS = NO;
				ASSETCATALOG_COMPILER_GENERATE_SWIFT_ASSET_SYMBOL_EXTENSIONS = YES;
				CLANG_ANALYZER_NONNULL = YES;
				CLANG_ANALYZER_NUMBER_OBJECT_CONVERSION = YES_AGGRESSIVE;
				CLANG_CXX_LANGUAGE_STANDARD = "gnu++20";
				CLANG_ENABLE_MODULES = YES;
				CLANG_ENABLE_OBJC_ARC = YES;
				CLANG_ENABLE_OBJC_WEAK = YES;
				CLANG_WARN_BLOCK_CAPTURE_AUTORELEASING = YES;
				CLANG_WARN_BOOL_CONVERSION = YES;
				CLANG_WARN_COMMA = YES;
				CLANG_WARN_CONSTANT_CONVERSION = YES;
				CLANG_WARN_DEPRECATED_OBJC_IMPLEMENTATIONS = YES;
				CLANG_WARN_DIRECT_OBJC_ISA_USAGE = YES_ERROR;
				CLANG_WARN_DOCUMENTATION_COMMENTS = YES;
				CLANG_WARN_EMPTY_BODY = YES;
				CLANG_WARN_ENUM_CONVERSION = YES;
				CLANG_WARN_INFINITE_RECURSION = YES;
				CLANG_WARN_INT_CONVERSION = YES;
				CLANG_WARN_NON_LITERAL_NULL_CONVERSION = YES;
				CLANG_WARN_OBJC_IMPLICIT_RETAIN_SELF = YES;
				CLANG_WARN_OBJC_LITERAL_CONVERSION = YES;
				CLANG_WARN_OBJC_ROOT_CLASS = YES_ERROR;
				CLANG_WARN_QUOTED_INCLUDE_IN_FRAMEWORK_HEADER = YES;
				CLANG_WARN_RANGE_LOOP_ANALYSIS = YES;
				CLANG_WARN_STRICT_PROTOTYPES = YES;
				CLANG_WARN_SUSPICIOUS_MOVE = YES;
				CLANG_WARN_UNGUARDED_AVAILABILITY = YES_AGGRESSIVE;
				CLANG_WARN_UNREACHABLE_CODE = YES;
				CLANG_WARN__DUPLICATE_METHOD_MATCH = YES;
				COPY_PHASE_STRIP = NO;
				DEBUG_INFORMATION_FORMAT = "dwarf-with-dsym";
				ENABLE_NS_ASSERTIONS = NO;
				ENABLE_STRICT_OBJC_MSGSEND = YES;
				ENABLE_USER_SCRIPT_SANDBOXING = YES;
				GCC_C_LANGUAGE_STANDARD = gnu17;
				GCC_NO_COMMON_BLOCKS = YES;
				GCC_WARN_64_TO_32_BIT_CONVERSION = YES;
				GCC_WARN_ABOUT_RETURN_TYPE = YES_ERROR;
				GCC_WARN_UNDECLARED_SELECTOR = YES;
				GCC_WARN_UNINITIALIZED_AUTOS = YES_AGGRESSIVE;
				GCC_WARN_UNUSED_FUNCTION = YES;
				GCC_WARN_UNUSED_VARIABLE = YES;
				IPHONEOS_DEPLOYMENT_TARGET = 17.5;
				LOCALIZATION_PREFERS_STRING_CATALOGS = YES;
				MTL_ENABLE_DEBUG_INFO = NO;
				MTL_FAST_MATH = YES;
				SDKROOT = iphoneos;
				SWIFT_COMPILATION_MODE = wholemodule;
				VALIDATE_PRODUCT = YES;
			};
			name = Release;
		};
		739E01D32CB55129008C8BB6 /* Debug */ = {
			isa = XCBuildConfiguration;
			buildSettings = {
				ASSETCATALOG_COMPILER_APPICON_NAME = AppIcon;
				ASSETCATALOG_COMPILER_GLOBAL_ACCENT_COLOR_NAME = AccentColor;
				CODE_SIGN_STYLE = Automatic;
				CURRENT_PROJECT_VERSION = 1;
				GENERATE_INFOPLIST_FILE = YES;
				INFOPLIST_FILE = CurlyPaws/Info.plist;
				INFOPLIST_KEY_UIApplicationSupportsIndirectInputEvents = YES;
				INFOPLIST_KEY_UILaunchStoryboardName = LaunchScreen;
				INFOPLIST_KEY_UISupportedInterfaceOrientations_iPad = "UIInterfaceOrientationPortrait UIInterfaceOrientationPortraitUpsideDown UIInterfaceOrientationLandscapeLeft UIInterfaceOrientationLandscapeRight";
				INFOPLIST_KEY_UISupportedInterfaceOrientations_iPhone = "UIInterfaceOrientationPortrait UIInterfaceOrientationLandscapeLeft UIInterfaceOrientationLandscapeRight";
				IPHONEOS_DEPLOYMENT_TARGET = 16.4;
				LD_RUNPATH_SEARCH_PATHS = (
					"$(inherited)",
					"@executable_path/Frameworks",
				);
				MARKETING_VERSION = 1.0;
				PRODUCT_BUNDLE_IDENTIFIER = PolinaSokolova.CurlyPaws;
				PRODUCT_NAME = "$(TARGET_NAME)";
				SWIFT_EMIT_LOC_STRINGS = YES;
				SWIFT_VERSION = 5.0;
				TARGETED_DEVICE_FAMILY = "1,2";
			};
			name = Debug;
		};
		739E01D42CB55129008C8BB6 /* Release */ = {
			isa = XCBuildConfiguration;
			buildSettings = {
				ASSETCATALOG_COMPILER_APPICON_NAME = AppIcon;
				ASSETCATALOG_COMPILER_GLOBAL_ACCENT_COLOR_NAME = AccentColor;
				CODE_SIGN_STYLE = Automatic;
				CURRENT_PROJECT_VERSION = 1;
				GENERATE_INFOPLIST_FILE = YES;
				INFOPLIST_FILE = CurlyPaws/Info.plist;
				INFOPLIST_KEY_UIApplicationSupportsIndirectInputEvents = YES;
				INFOPLIST_KEY_UILaunchStoryboardName = LaunchScreen;
				INFOPLIST_KEY_UISupportedInterfaceOrientations_iPad = "UIInterfaceOrientationPortrait UIInterfaceOrientationPortraitUpsideDown UIInterfaceOrientationLandscapeLeft UIInterfaceOrientationLandscapeRight";
				INFOPLIST_KEY_UISupportedInterfaceOrientations_iPhone = "UIInterfaceOrientationPortrait UIInterfaceOrientationLandscapeLeft UIInterfaceOrientationLandscapeRight";
				IPHONEOS_DEPLOYMENT_TARGET = 16.4;
				LD_RUNPATH_SEARCH_PATHS = (
					"$(inherited)",
					"@executable_path/Frameworks",
				);
				MARKETING_VERSION = 1.0;
				PRODUCT_BUNDLE_IDENTIFIER = PolinaSokolova.CurlyPaws;
				PRODUCT_NAME = "$(TARGET_NAME)";
				SWIFT_EMIT_LOC_STRINGS = YES;
				SWIFT_VERSION = 5.0;
				TARGETED_DEVICE_FAMILY = "1,2";
			};
			name = Release;
		};
/* End XCBuildConfiguration section */

/* Begin XCConfigurationList section */
		739E01B92CB55127008C8BB6 /* Build configuration list for PBXProject "CurlyPaws" */ = {
			isa = XCConfigurationList;
			buildConfigurations = (
				739E01D02CB55129008C8BB6 /* Debug */,
				739E01D12CB55129008C8BB6 /* Release */,
			);
			defaultConfigurationIsVisible = 0;
			defaultConfigurationName = Release;
		};
		739E01D22CB55129008C8BB6 /* Build configuration list for PBXNativeTarget "CurlyPaws" */ = {
			isa = XCConfigurationList;
			buildConfigurations = (
				739E01D32CB55129008C8BB6 /* Debug */,
				739E01D42CB55129008C8BB6 /* Release */,
			);
			defaultConfigurationIsVisible = 0;
			defaultConfigurationName = Release;
		};
/* End XCConfigurationList section */
	};
	rootObject = 739E01B62CB55127008C8BB6 /* Project object */;
}
